
Microsoft Visual Studio Solution File, Format Version 12.00
# Visual Studio Version 17
VisualStudioVersion = 17.0.31903.59
MinimumVisualStudioVersion = 10.0.40219.1
Project("{FAE04EC0-301F-11D3-BF4B-00C04F79EFBC}") = "Lektion6", "Lektion6\Lektion6.csproj", "{0C30ED0F-6882-4EAB-A4F7-7C7BCB3AADDF}"
EndProject
Project("{FAE04EC0-301F-11D3-BF4B-00C04F79EFBC}") = "övning6", "övning6\övning6.csproj", "{62AF5D8D-B6BE-4588-BD84-E272EF3196F4}"
EndProject
Project("{FAE04EC0-301F-11D3-BF4B-00C04F79EFBC}") = "Lektion7", "Lektion7\Lektion7.csproj", "{3874C8F6-A32B-4AD4-965A-5D2FEE490DE3}"
EndProject
Global
	GlobalSection(SolutionConfigurationPlatforms) = preSolution
		Debug|Any CPU = Debug|Any CPU
		Release|Any CPU = Release|Any CPU
	EndGlobalSection
	GlobalSection(SolutionProperties) = preSolution
		HideSolutionNode = FALSE
	EndGlobalSection
	GlobalSection(ProjectConfigurationPlatforms) = postSolution
		{0C30ED0F-6882-4EAB-A4F7-7C7BCB3AADDF}.Debug|Any CPU.ActiveCfg = Debug|Any CPU
		{0C30ED0F-6882-4EAB-A4F7-7C7BCB3AADDF}.Debug|Any CPU.Build.0 = Debug|Any CPU
		{0C30ED0F-6882-4EAB-A4F7-7C7BCB3AADDF}.Release|Any CPU.ActiveCfg = Release|Any CPU
		{0C30ED0F-6882-4EAB-A4F7-7C7BCB3AADDF}.Release|Any CPU.Build.0 = Release|Any CPU
		{62AF5D8D-B6BE-4588-BD84-E272EF3196F4}.Debug|Any CPU.ActiveCfg = Debug|Any CPU
		{62AF5D8D-B6BE-4588-BD84-E272EF3196F4}.Debug|Any CPU.Build.0 = Debug|Any CPU
		{62AF5D8D-B6BE-4588-BD84-E272EF3196F4}.Release|Any CPU.ActiveCfg = Release|Any CPU
		{62AF5D8D-B6BE-4588-BD84-E272EF3196F4}.Release|Any CPU.Build.0 = Release|Any CPU
		{3874C8F6-A32B-4AD4-965A-5D2FEE490DE3}.Debug|Any CPU.ActiveCfg = Debug|Any CPU
		{3874C8F6-A32B-4AD4-965A-5D2FEE490DE3}.Debug|Any CPU.Build.0 = Debug|Any CPU
		{3874C8F6-A32B-4AD4-965A-5D2FEE490DE3}.Release|Any CPU.ActiveCfg = Release|Any CPU
		{3874C8F6-A32B-4AD4-965A-5D2FEE490DE3}.Release|Any CPU.Build.0 = Release|Any CPU
	EndGlobalSection
EndGlobal
